// !$*UTF8*$!
{
	archiveVersion = 1;
	classes = {
	};
	objectVersion = 56;
	objects = {

/* Begin PBXBuildFile section */
		982A22B02AB02FD600E512B1 /* LoginView.swift in Sources */ = {isa = PBXBuildFile; fileRef = 982A22AF2AB02FD600E512B1 /* LoginView.swift */; };
		982A22B42AB07DF200E512B1 /* HomeView.swift in Sources */ = {isa = PBXBuildFile; fileRef = 982A22B32AB07DF200E512B1 /* HomeView.swift */; };
		982A22B72AB0850200E512B1 /* CalendarView.swift in Sources */ = {isa = PBXBuildFile; fileRef = 982A22B62AB0850200E512B1 /* CalendarView.swift */; };
		982A22C12AB0873C00E512B1 /* NotificationView.swift in Sources */ = {isa = PBXBuildFile; fileRef = 982A22C02AB0873C00E512B1 /* NotificationView.swift */; };
		982A22C72AB1432500E512B1 /* CircularProgressBarWithText.swift in Sources */ = {isa = PBXBuildFile; fileRef = 982A22C62AB1432500E512B1 /* CircularProgressBarWithText.swift */; };
		982A22CB2AB14B1D00E512B1 /* MedicineModel.swift in Sources */ = {isa = PBXBuildFile; fileRef = 982A22CA2AB14B1D00E512B1 /* MedicineModel.swift */; };
		982A22CD2AB14B5700E512B1 /* TodoItemModel.swift in Sources */ = {isa = PBXBuildFile; fileRef = 982A22CC2AB14B5700E512B1 /* TodoItemModel.swift */; };
		982A22D22AB14B9700E512B1 /* MedicationModel.swift in Sources */ = {isa = PBXBuildFile; fileRef = 982A22D12AB14B9700E512B1 /* MedicationModel.swift */; };
		982A22D42AB14C8900E512B1 /* TopSection.swift in Sources */ = {isa = PBXBuildFile; fileRef = 982A22D32AB14C8900E512B1 /* TopSection.swift */; };
		982A22D62AB14CAC00E512B1 /* NotificationButton.swift in Sources */ = {isa = PBXBuildFile; fileRef = 982A22D52AB14CAC00E512B1 /* NotificationButton.swift */; };
		982A22D82AB14CDE00E512B1 /* InformationSection.swift in Sources */ = {isa = PBXBuildFile; fileRef = 982A22D72AB14CDE00E512B1 /* InformationSection.swift */; };
		98F35E632AB00F9C00CA76F6 /* yakalApp.swift in Sources */ = {isa = PBXBuildFile; fileRef = 98F35E622AB00F9C00CA76F6 /* yakalApp.swift */; };
		98F35E652AB00F9C00CA76F6 /* ContentView.swift in Sources */ = {isa = PBXBuildFile; fileRef = 98F35E642AB00F9C00CA76F6 /* ContentView.swift */; };
		98F35E672AB00F9D00CA76F6 /* Assets.xcassets in Resources */ = {isa = PBXBuildFile; fileRef = 98F35E662AB00F9D00CA76F6 /* Assets.xcassets */; };
		98F35E6A2AB00F9D00CA76F6 /* Preview Assets.xcassets in Resources */ = {isa = PBXBuildFile; fileRef = 98F35E692AB00F9D00CA76F6 /* Preview Assets.xcassets */; };
		B060978B413DCC1B8EF9F142 /* Pods_yakal.framework in Frameworks */ = {isa = PBXBuildFile; fileRef = F29ED70031A63983D008A298 /* Pods_yakal.framework */; };
/* End PBXBuildFile section */

/* Begin PBXFileReference section */
		1B7862A595D1A12A68C65E63 /* Pods-yakal.release.xcconfig */ = {isa = PBXFileReference; includeInIndex = 1; lastKnownFileType = text.xcconfig; name = "Pods-yakal.release.xcconfig"; path = "Target Support Files/Pods-yakal/Pods-yakal.release.xcconfig"; sourceTree = "<group>"; };
		982A22AF2AB02FD600E512B1 /* LoginView.swift */ = {isa = PBXFileReference; lastKnownFileType = sourcecode.swift; path = LoginView.swift; sourceTree = "<group>"; };
		982A22B12AB030C400E512B1 /* Config.xcconfig */ = {isa = PBXFileReference; lastKnownFileType = text.xcconfig; path = Config.xcconfig; sourceTree = "<group>"; };
		982A22B32AB07DF200E512B1 /* HomeView.swift */ = {isa = PBXFileReference; lastKnownFileType = sourcecode.swift; path = HomeView.swift; sourceTree = "<group>"; };
		982A22B62AB0850200E512B1 /* CalendarView.swift */ = {isa = PBXFileReference; lastKnownFileType = sourcecode.swift; path = CalendarView.swift; sourceTree = "<group>"; };
		982A22C02AB0873C00E512B1 /* NotificationView.swift */ = {isa = PBXFileReference; lastKnownFileType = sourcecode.swift; path = NotificationView.swift; sourceTree = "<group>"; };
		982A22C62AB1432500E512B1 /* CircularProgressBarWithText.swift */ = {isa = PBXFileReference; lastKnownFileType = sourcecode.swift; path = CircularProgressBarWithText.swift; sourceTree = "<group>"; };
		982A22CA2AB14B1D00E512B1 /* MedicineModel.swift */ = {isa = PBXFileReference; lastKnownFileType = sourcecode.swift; path = MedicineModel.swift; sourceTree = "<group>"; };
		982A22CC2AB14B5700E512B1 /* TodoItemModel.swift */ = {isa = PBXFileReference; lastKnownFileType = sourcecode.swift; path = TodoItemModel.swift; sourceTree = "<group>"; };
		982A22D12AB14B9700E512B1 /* MedicationModel.swift */ = {isa = PBXFileReference; lastKnownFileType = sourcecode.swift; path = MedicationModel.swift; sourceTree = "<group>"; };
		982A22D32AB14C8900E512B1 /* TopSection.swift */ = {isa = PBXFileReference; lastKnownFileType = sourcecode.swift; path = TopSection.swift; sourceTree = "<group>"; };
		982A22D52AB14CAC00E512B1 /* NotificationButton.swift */ = {isa = PBXFileReference; lastKnownFileType = sourcecode.swift; path = NotificationButton.swift; sourceTree = "<group>"; };
		982A22D72AB14CDE00E512B1 /* InformationSection.swift */ = {isa = PBXFileReference; lastKnownFileType = sourcecode.swift; path = InformationSection.swift; sourceTree = "<group>"; };
		98F35E5F2AB00F9C00CA76F6 /* yakal.app */ = {isa = PBXFileReference; explicitFileType = wrapper.application; includeInIndex = 0; path = yakal.app; sourceTree = BUILT_PRODUCTS_DIR; };
		98F35E622AB00F9C00CA76F6 /* yakalApp.swift */ = {isa = PBXFileReference; lastKnownFileType = sourcecode.swift; path = yakalApp.swift; sourceTree = "<group>"; };
		98F35E642AB00F9C00CA76F6 /* ContentView.swift */ = {isa = PBXFileReference; lastKnownFileType = sourcecode.swift; path = ContentView.swift; sourceTree = "<group>"; };
		98F35E662AB00F9D00CA76F6 /* Assets.xcassets */ = {isa = PBXFileReference; lastKnownFileType = folder.assetcatalog; path = Assets.xcassets; sourceTree = "<group>"; };
		98F35E692AB00F9D00CA76F6 /* Preview Assets.xcassets */ = {isa = PBXFileReference; lastKnownFileType = folder.assetcatalog; path = "Preview Assets.xcassets"; sourceTree = "<group>"; };
		98F35EA42AB0193D00CA76F6 /* Info.plist */ = {isa = PBXFileReference; lastKnownFileType = text.plist; path = Info.plist; sourceTree = "<group>"; };
		EB0E3F4F708E54D593EACC16 /* Pods-yakal.debug.xcconfig */ = {isa = PBXFileReference; includeInIndex = 1; lastKnownFileType = text.xcconfig; name = "Pods-yakal.debug.xcconfig"; path = "Target Support Files/Pods-yakal/Pods-yakal.debug.xcconfig"; sourceTree = "<group>"; };
		F29ED70031A63983D008A298 /* Pods_yakal.framework */ = {isa = PBXFileReference; explicitFileType = wrapper.framework; includeInIndex = 0; path = Pods_yakal.framework; sourceTree = BUILT_PRODUCTS_DIR; };
/* End PBXFileReference section */

/* Begin PBXFrameworksBuildPhase section */
		98F35E5C2AB00F9C00CA76F6 /* Frameworks */ = {
			isa = PBXFrameworksBuildPhase;
			buildActionMask = 2147483647;
			files = (
				B060978B413DCC1B8EF9F142 /* Pods_yakal.framework in Frameworks */,
			);
			runOnlyForDeploymentPostprocessing = 0;
		};
/* End PBXFrameworksBuildPhase section */

/* Begin PBXGroup section */
		721A76E7D4F4063C92F91A8B /* Pods */ = {
			isa = PBXGroup;
			children = (
				EB0E3F4F708E54D593EACC16 /* Pods-yakal.debug.xcconfig */,
				1B7862A595D1A12A68C65E63 /* Pods-yakal.release.xcconfig */,
			);
			path = Pods;
			sourceTree = "<group>";
		};
		982A22B52AB084A800E512B1 /* Calendar */ = {
			isa = PBXGroup;
			children = (
				982A22BD2AB0856A00E512B1 /* ViewModels */,
				982A22BC2AB0856300E512B1 /* Views */,
				982A22BB2AB0855E00E512B1 /* Models */,
			);
			path = Calendar;
			sourceTree = "<group>";
		};
		982A22BB2AB0855E00E512B1 /* Models */ = {
			isa = PBXGroup;
			children = (
			);
			path = Models;
			sourceTree = "<group>";
		};
		982A22BC2AB0856300E512B1 /* Views */ = {
			isa = PBXGroup;
			children = (
				982A22B62AB0850200E512B1 /* CalendarView.swift */,
			);
			path = Views;
			sourceTree = "<group>";
		};
		982A22BD2AB0856A00E512B1 /* ViewModels */ = {
			isa = PBXGroup;
			children = (
			);
			path = ViewModels;
			sourceTree = "<group>";
		};
		982A22BE2AB0871F00E512B1 /* Notification */ = {
			isa = PBXGroup;
			children = (
				982A22BF2AB0872800E512B1 /* Views */,
			);
			path = Notification;
			sourceTree = "<group>";
		};
		982A22BF2AB0872800E512B1 /* Views */ = {
			isa = PBXGroup;
			children = (
				982A22C02AB0873C00E512B1 /* NotificationView.swift */,
			);
			path = Views;
			sourceTree = "<group>";
		};
		982A22C22AB142E000E512B1 /* Common */ = {
			isa = PBXGroup;
			children = (
				982A22C92AB14B0000E512B1 /* Models */,
				982A22C82AB14A9B00E512B1 /* ViewModels */,
				982A22C32AB142ED00E512B1 /* View */,
			);
			path = Common;
			sourceTree = "<group>";
		};
		982A22C32AB142ED00E512B1 /* View */ = {
			isa = PBXGroup;
			children = (
				982A22C62AB1432500E512B1 /* CircularProgressBarWithText.swift */,
			);
			path = View;
			sourceTree = "<group>";
		};
		982A22C82AB14A9B00E512B1 /* ViewModels */ = {
			isa = PBXGroup;
			children = (
			);
			path = ViewModels;
			sourceTree = "<group>";
		};
		982A22C92AB14B0000E512B1 /* Models */ = {
			isa = PBXGroup;
			children = (
				982A22CA2AB14B1D00E512B1 /* MedicineModel.swift */,
				982A22CC2AB14B5700E512B1 /* TodoItemModel.swift */,
				982A22D12AB14B9700E512B1 /* MedicationModel.swift */,
			);
			path = Models;
			sourceTree = "<group>";
		};
		98F35E562AB00F9C00CA76F6 = {
			isa = PBXGroup;
			children = (
				98F35E612AB00F9C00CA76F6 /* yakal */,
				98F35E602AB00F9C00CA76F6 /* Products */,
				721A76E7D4F4063C92F91A8B /* Pods */,
				C95B8F0EAEA013D41463EB89 /* Frameworks */,
			);
			sourceTree = "<group>";
		};
		98F35E602AB00F9C00CA76F6 /* Products */ = {
			isa = PBXGroup;
			children = (
				98F35E5F2AB00F9C00CA76F6 /* yakal.app */,
			);
			name = Products;
			sourceTree = "<group>";
		};
		98F35E612AB00F9C00CA76F6 /* yakal */ = {
			isa = PBXGroup;
			children = (
				98F35EA42AB0193D00CA76F6 /* Info.plist */,
				98F35EA32AB0177000CA76F6 /* SupportingFiles */,
				98F35EA22AB016FC00CA76F6 /* Resources */,
				98F35EA12AB016F700CA76F6 /* Config */,
				98F35E7F2AB011A600CA76F6 /* Code */,
				98F35E622AB00F9C00CA76F6 /* yakalApp.swift */,
				98F35E642AB00F9C00CA76F6 /* ContentView.swift */,
				98F35E682AB00F9D00CA76F6 /* Preview Content */,
				982A22B12AB030C400E512B1 /* Config.xcconfig */,
			);
			path = yakal;
			sourceTree = "<group>";
		};
		98F35E682AB00F9D00CA76F6 /* Preview Content */ = {
			isa = PBXGroup;
			children = (
				98F35E692AB00F9D00CA76F6 /* Preview Assets.xcassets */,
			);
			path = "Preview Content";
			sourceTree = "<group>";
		};
		98F35E7F2AB011A600CA76F6 /* Code */ = {
			isa = PBXGroup;
			children = (
				98F35E812AB011BA00CA76F6 /* Utilities */,
				98F35E802AB011B500CA76F6 /* Features */,
			);
			path = Code;
			sourceTree = "<group>";
		};
		98F35E802AB011B500CA76F6 /* Features */ = {
			isa = PBXGroup;
			children = (
				982A22BE2AB0871F00E512B1 /* Notification */,
				982A22C22AB142E000E512B1 /* Common */,
				982A22B52AB084A800E512B1 /* Calendar */,
				98F35E852AB011D000CA76F6 /* Settings */,
				98F35E842AB011CB00CA76F6 /* Calendar */,
				98F35E832AB011C800CA76F6 /* Home */,
				98F35E822AB011C000CA76F6 /* Login */,
			);
			path = Features;
			sourceTree = "<group>";
		};
		98F35E812AB011BA00CA76F6 /* Utilities */ = {
			isa = PBXGroup;
			children = (
			);
			path = Utilities;
			sourceTree = "<group>";
		};
		98F35E822AB011C000CA76F6 /* Login */ = {
			isa = PBXGroup;
			children = (
				98F35EA02AB012E500CA76F6 /* Models */,
				98F35E9F2AB012DF00CA76F6 /* Views */,
				98F35E9E2AB012DD00CA76F6 /* ViewModels */,
				98F35E9D2AB012DA00CA76F6 /* Actions */,
				98F35E9C2AB012D600CA76F6 /* Screens */,
			);
			path = Login;
			sourceTree = "<group>";
		};
		98F35E832AB011C800CA76F6 /* Home */ = {
			isa = PBXGroup;
			children = (
				98F35E9B2AB012D000CA76F6 /* Screens */,
				98F35E9A2AB012C900CA76F6 /* Actions */,
				98F35E992AB012C600CA76F6 /* ViewModels */,
				98F35E972AB012BF00CA76F6 /* Views */,
				98F35E862AB011DA00CA76F6 /* Models */,
			);
			path = Home;
			sourceTree = "<group>";
		};
		98F35E842AB011CB00CA76F6 /* Calendar */ = {
			isa = PBXGroup;
			children = (
				98F35E962AB012B900CA76F6 /* Views */,
				98F35E952AB012B400CA76F6 /* Screens */,
				98F35E942AB012B000CA76F6 /* Actions */,
				98F35E932AB012AD00CA76F6 /* ViewModels */,
				98F35E922AB012AA00CA76F6 /* Models */,
			);
			path = Calendar;
			sourceTree = "<group>";
		};
		98F35E852AB011D000CA76F6 /* Settings */ = {
			isa = PBXGroup;
			children = (
				98F35E912AB0129E00CA76F6 /* Models */,
				98F35E902AB0128700CA76F6 /* Actions */,
				98F35E8F2AB0128100CA76F6 /* Screens */,
				98F35E8E2AB0127C00CA76F6 /* ViewModels */,
				98F35E8D2AB0127900CA76F6 /* Views */,
			);
			path = Settings;
			sourceTree = "<group>";
		};
		98F35E862AB011DA00CA76F6 /* Models */ = {
			isa = PBXGroup;
			children = (
			);
			path = Models;
			sourceTree = "<group>";
		};
		98F35E8D2AB0127900CA76F6 /* Views */ = {
			isa = PBXGroup;
			children = (
			);
			path = Views;
			sourceTree = "<group>";
		};
		98F35E8E2AB0127C00CA76F6 /* ViewModels */ = {
			isa = PBXGroup;
			children = (
			);
			path = ViewModels;
			sourceTree = "<group>";
		};
		98F35E8F2AB0128100CA76F6 /* Screens */ = {
			isa = PBXGroup;
			children = (
			);
			path = Screens;
			sourceTree = "<group>";
		};
		98F35E902AB0128700CA76F6 /* Actions */ = {
			isa = PBXGroup;
			children = (
			);
			path = Actions;
			sourceTree = "<group>";
		};
		98F35E912AB0129E00CA76F6 /* Models */ = {
			isa = PBXGroup;
			children = (
			);
			path = Models;
			sourceTree = "<group>";
		};
		98F35E922AB012AA00CA76F6 /* Models */ = {
			isa = PBXGroup;
			children = (
			);
			path = Models;
			sourceTree = "<group>";
		};
		98F35E932AB012AD00CA76F6 /* ViewModels */ = {
			isa = PBXGroup;
			children = (
			);
			path = ViewModels;
			sourceTree = "<group>";
		};
		98F35E942AB012B000CA76F6 /* Actions */ = {
			isa = PBXGroup;
			children = (
			);
			path = Actions;
			sourceTree = "<group>";
		};
		98F35E952AB012B400CA76F6 /* Screens */ = {
			isa = PBXGroup;
			children = (
			);
			path = Screens;
			sourceTree = "<group>";
		};
		98F35E962AB012B900CA76F6 /* Views */ = {
			isa = PBXGroup;
			children = (
			);
			path = Views;
			sourceTree = "<group>";
		};
		98F35E972AB012BF00CA76F6 /* Views */ = {
			isa = PBXGroup;
			children = (
				982A22B32AB07DF200E512B1 /* HomeView.swift */,
				982A22D32AB14C8900E512B1 /* TopSection.swift */,
				982A22D52AB14CAC00E512B1 /* NotificationButton.swift */,
				982A22D72AB14CDE00E512B1 /* InformationSection.swift */,
			);
			path = Views;
			sourceTree = "<group>";
		};
		98F35E992AB012C600CA76F6 /* ViewModels */ = {
			isa = PBXGroup;
			children = (
			);
			path = ViewModels;
			sourceTree = "<group>";
		};
		98F35E9A2AB012C900CA76F6 /* Actions */ = {
			isa = PBXGroup;
			children = (
			);
			path = Actions;
			sourceTree = "<group>";
		};
		98F35E9B2AB012D000CA76F6 /* Screens */ = {
			isa = PBXGroup;
			children = (
			);
			path = Screens;
			sourceTree = "<group>";
		};
		98F35E9C2AB012D600CA76F6 /* Screens */ = {
			isa = PBXGroup;
			children = (
			);
			path = Screens;
			sourceTree = "<group>";
		};
		98F35E9D2AB012DA00CA76F6 /* Actions */ = {
			isa = PBXGroup;
			children = (
			);
			path = Actions;
			sourceTree = "<group>";
		};
		98F35E9E2AB012DD00CA76F6 /* ViewModels */ = {
			isa = PBXGroup;
			children = (
			);
			path = ViewModels;
			sourceTree = "<group>";
		};
		98F35E9F2AB012DF00CA76F6 /* Views */ = {
			isa = PBXGroup;
			children = (
				982A22AF2AB02FD600E512B1 /* LoginView.swift */,
			);
			path = Views;
			sourceTree = "<group>";
		};
		98F35EA02AB012E500CA76F6 /* Models */ = {
			isa = PBXGroup;
			children = (
			);
			path = Models;
			sourceTree = "<group>";
		};
		98F35EA12AB016F700CA76F6 /* Config */ = {
			isa = PBXGroup;
			children = (
			);
			path = Config;
			sourceTree = "<group>";
		};
		98F35EA22AB016FC00CA76F6 /* Resources */ = {
			isa = PBXGroup;
			children = (
				98F35E662AB00F9D00CA76F6 /* Assets.xcassets */,
			);
			path = Resources;
			sourceTree = "<group>";
		};
		98F35EA32AB0177000CA76F6 /* SupportingFiles */ = {
			isa = PBXGroup;
			children = (
			);
			path = SupportingFiles;
			sourceTree = "<group>";
		};
		C95B8F0EAEA013D41463EB89 /* Frameworks */ = {
			isa = PBXGroup;
			children = (
				F29ED70031A63983D008A298 /* Pods_yakal.framework */,
			);
			name = Frameworks;
			sourceTree = "<group>";
		};
/* End PBXGroup section */

/* Begin PBXNativeTarget section */
		98F35E5E2AB00F9C00CA76F6 /* yakal */ = {
			isa = PBXNativeTarget;
			buildConfigurationList = 98F35E6D2AB00F9D00CA76F6 /* Build configuration list for PBXNativeTarget "yakal" */;
			buildPhases = (
				013ADEF17BC63171F6C594F3 /* [CP] Check Pods Manifest.lock */,
				98F35E5B2AB00F9C00CA76F6 /* Sources */,
				98F35E5C2AB00F9C00CA76F6 /* Frameworks */,
				98F35E5D2AB00F9C00CA76F6 /* Resources */,
				9DE7EB9E5DE50B84D1A17012 /* [CP] Embed Pods Frameworks */,
				219225107C7A57A10BD2FCF9 /* [CP] Copy Pods Resources */,
			);
			buildRules = (
			);
			dependencies = (
			);
			name = yakal;
			productName = yakal;
			productReference = 98F35E5F2AB00F9C00CA76F6 /* yakal.app */;
			productType = "com.apple.product-type.application";
		};
/* End PBXNativeTarget section */

/* Begin PBXProject section */
		98F35E572AB00F9C00CA76F6 /* Project object */ = {
			isa = PBXProject;
			attributes = {
				BuildIndependentTargetsInParallel = 1;
				LastSwiftUpdateCheck = 1430;
				LastUpgradeCheck = 1430;
				TargetAttributes = {
					98F35E5E2AB00F9C00CA76F6 = {
						CreatedOnToolsVersion = 14.3.1;
					};
				};
			};
			buildConfigurationList = 98F35E5A2AB00F9C00CA76F6 /* Build configuration list for PBXProject "yakal" */;
			compatibilityVersion = "Xcode 14.0";
			developmentRegion = en;
			hasScannedForEncodings = 0;
			knownRegions = (
				en,
				Base,
			);
			mainGroup = 98F35E562AB00F9C00CA76F6;
			productRefGroup = 98F35E602AB00F9C00CA76F6 /* Products */;
			projectDirPath = "";
			projectRoot = "";
			targets = (
				98F35E5E2AB00F9C00CA76F6 /* yakal */,
			);
		};
/* End PBXProject section */

/* Begin PBXResourcesBuildPhase section */
		98F35E5D2AB00F9C00CA76F6 /* Resources */ = {
			isa = PBXResourcesBuildPhase;
			buildActionMask = 2147483647;
			files = (
				98F35E6A2AB00F9D00CA76F6 /* Preview Assets.xcassets in Resources */,
				98F35E672AB00F9D00CA76F6 /* Assets.xcassets in Resources */,
			);
			runOnlyForDeploymentPostprocessing = 0;
		};
/* End PBXResourcesBuildPhase section */

/* Begin PBXShellScriptBuildPhase section */
		013ADEF17BC63171F6C594F3 /* [CP] Check Pods Manifest.lock */ = {
			isa = PBXShellScriptBuildPhase;
			buildActionMask = 2147483647;
			files = (
			);
			inputFileListPaths = (
			);
			inputPaths = (
				"${PODS_PODFILE_DIR_PATH}/Podfile.lock",
				"${PODS_ROOT}/Manifest.lock",
			);
			name = "[CP] Check Pods Manifest.lock";
			outputFileListPaths = (
			);
			outputPaths = (
				"$(DERIVED_FILE_DIR)/Pods-yakal-checkManifestLockResult.txt",
			);
			runOnlyForDeploymentPostprocessing = 0;
			shellPath = /bin/sh;
			shellScript = "diff \"${PODS_PODFILE_DIR_PATH}/Podfile.lock\" \"${PODS_ROOT}/Manifest.lock\" > /dev/null\nif [ $? != 0 ] ; then\n    # print error to STDERR\n    echo \"error: The sandbox is not in sync with the Podfile.lock. Run 'pod install' or update your CocoaPods installation.\" >&2\n    exit 1\nfi\n# This output is used by Xcode 'outputs' to avoid re-running this script phase.\necho \"SUCCESS\" > \"${SCRIPT_OUTPUT_FILE_0}\"\n";
			showEnvVarsInLog = 0;
		};
		219225107C7A57A10BD2FCF9 /* [CP] Copy Pods Resources */ = {
			isa = PBXShellScriptBuildPhase;
			buildActionMask = 2147483647;
			files = (
			);
			inputFileListPaths = (
				"${PODS_ROOT}/Target Support Files/Pods-yakal/Pods-yakal-resources-${CONFIGURATION}-input-files.xcfilelist",
			);
			name = "[CP] Copy Pods Resources";
			outputFileListPaths = (
				"${PODS_ROOT}/Target Support Files/Pods-yakal/Pods-yakal-resources-${CONFIGURATION}-output-files.xcfilelist",
			);
			runOnlyForDeploymentPostprocessing = 0;
			shellPath = /bin/sh;
			shellScript = "\"${PODS_ROOT}/Target Support Files/Pods-yakal/Pods-yakal-resources.sh\"\n";
			showEnvVarsInLog = 0;
		};
		9DE7EB9E5DE50B84D1A17012 /* [CP] Embed Pods Frameworks */ = {
			isa = PBXShellScriptBuildPhase;
			buildActionMask = 2147483647;
			files = (
			);
			inputFileListPaths = (
				"${PODS_ROOT}/Target Support Files/Pods-yakal/Pods-yakal-frameworks-${CONFIGURATION}-input-files.xcfilelist",
			);
			name = "[CP] Embed Pods Frameworks";
			outputFileListPaths = (
				"${PODS_ROOT}/Target Support Files/Pods-yakal/Pods-yakal-frameworks-${CONFIGURATION}-output-files.xcfilelist",
			);
			runOnlyForDeploymentPostprocessing = 0;
			shellPath = /bin/sh;
			shellScript = "\"${PODS_ROOT}/Target Support Files/Pods-yakal/Pods-yakal-frameworks.sh\"\n";
			showEnvVarsInLog = 0;
		};
/* End PBXShellScriptBuildPhase section */

/* Begin PBXSourcesBuildPhase section */
		98F35E5B2AB00F9C00CA76F6 /* Sources */ = {
			isa = PBXSourcesBuildPhase;
			buildActionMask = 2147483647;
			files = (
				982A22B72AB0850200E512B1 /* CalendarView.swift in Sources */,
				982A22CD2AB14B5700E512B1 /* TodoItemModel.swift in Sources */,
				982A22CB2AB14B1D00E512B1 /* MedicineModel.swift in Sources */,
				982A22C72AB1432500E512B1 /* CircularProgressBarWithText.swift in Sources */,
				982A22D22AB14B9700E512B1 /* MedicationModel.swift in Sources */,
				982A22D82AB14CDE00E512B1 /* InformationSection.swift in Sources */,
				982A22B02AB02FD600E512B1 /* LoginView.swift in Sources */,
				982A22D62AB14CAC00E512B1 /* NotificationButton.swift in Sources */,
				98F35E652AB00F9C00CA76F6 /* ContentView.swift in Sources */,
				982A22B42AB07DF200E512B1 /* HomeView.swift in Sources */,
				98F35E632AB00F9C00CA76F6 /* yakalApp.swift in Sources */,
				982A22C12AB0873C00E512B1 /* NotificationView.swift in Sources */,
				982A22D42AB14C8900E512B1 /* TopSection.swift in Sources */,
			);
			runOnlyForDeploymentPostprocessing = 0;
		};
/* End PBXSourcesBuildPhase section */

/* Begin XCBuildConfiguration section */
		98F35E6B2AB00F9D00CA76F6 /* Debug */ = {
			isa = XCBuildConfiguration;
			baseConfigurationReference = 1B7862A595D1A12A68C65E63 /* Pods-yakal.release.xcconfig */;
			buildSettings = {
				ALWAYS_SEARCH_USER_PATHS = NO;
				CLANG_ANALYZER_NONNULL = YES;
				CLANG_ANALYZER_NUMBER_OBJECT_CONVERSION = YES_AGGRESSIVE;
				CLANG_CXX_LANGUAGE_STANDARD = "gnu++20";
				CLANG_ENABLE_MODULES = YES;
				CLANG_ENABLE_OBJC_ARC = YES;
				CLANG_ENABLE_OBJC_WEAK = YES;
				CLANG_WARN_BLOCK_CAPTURE_AUTORELEASING = YES;
				CLANG_WARN_BOOL_CONVERSION = YES;
				CLANG_WARN_COMMA = YES;
				CLANG_WARN_CONSTANT_CONVERSION = YES;
				CLANG_WARN_DEPRECATED_OBJC_IMPLEMENTATIONS = YES;
				CLANG_WARN_DIRECT_OBJC_ISA_USAGE = YES_ERROR;
				CLANG_WARN_DOCUMENTATION_COMMENTS = YES;
				CLANG_WARN_EMPTY_BODY = YES;
				CLANG_WARN_ENUM_CONVERSION = YES;
				CLANG_WARN_INFINITE_RECURSION = YES;
				CLANG_WARN_INT_CONVERSION = YES;
				CLANG_WARN_NON_LITERAL_NULL_CONVERSION = YES;
				CLANG_WARN_OBJC_IMPLICIT_RETAIN_SELF = YES;
				CLANG_WARN_OBJC_LITERAL_CONVERSION = YES;
				CLANG_WARN_OBJC_ROOT_CLASS = YES_ERROR;
				CLANG_WARN_QUOTED_INCLUDE_IN_FRAMEWORK_HEADER = YES;
				CLANG_WARN_RANGE_LOOP_ANALYSIS = YES;
				CLANG_WARN_STRICT_PROTOTYPES = YES;
				CLANG_WARN_SUSPICIOUS_MOVE = YES;
				CLANG_WARN_UNGUARDED_AVAILABILITY = YES_AGGRESSIVE;
				CLANG_WARN_UNREACHABLE_CODE = YES;
				CLANG_WARN__DUPLICATE_METHOD_MATCH = YES;
				COPY_PHASE_STRIP = NO;
				DEBUG_INFORMATION_FORMAT = dwarf;
				ENABLE_STRICT_OBJC_MSGSEND = YES;
				ENABLE_TESTABILITY = YES;
				GCC_C_LANGUAGE_STANDARD = gnu11;
				GCC_DYNAMIC_NO_PIC = NO;
				GCC_NO_COMMON_BLOCKS = YES;
				GCC_OPTIMIZATION_LEVEL = 0;
				GCC_PREPROCESSOR_DEFINITIONS = (
					"DEBUG=1",
					"$(inherited)",
				);
				GCC_WARN_64_TO_32_BIT_CONVERSION = YES;
				GCC_WARN_ABOUT_RETURN_TYPE = YES_ERROR;
				GCC_WARN_UNDECLARED_SELECTOR = YES;
				GCC_WARN_UNINITIALIZED_AUTOS = YES_AGGRESSIVE;
				GCC_WARN_UNUSED_FUNCTION = YES;
				GCC_WARN_UNUSED_VARIABLE = YES;
				IPHONEOS_DEPLOYMENT_TARGET = 16.4;
				MTL_ENABLE_DEBUG_INFO = INCLUDE_SOURCE;
				MTL_FAST_MATH = YES;
				ONLY_ACTIVE_ARCH = YES;
				SDKROOT = iphoneos;
				SWIFT_ACTIVE_COMPILATION_CONDITIONS = DEBUG;
				SWIFT_OPTIMIZATION_LEVEL = "-Onone";
			};
			name = Debug;
		};
		98F35E6C2AB00F9D00CA76F6 /* Release */ = {
			isa = XCBuildConfiguration;
			baseConfigurationReference = 982A22B12AB030C400E512B1 /* Config.xcconfig */;
			buildSettings = {
				ALWAYS_SEARCH_USER_PATHS = NO;
				CLANG_ANALYZER_NONNULL = YES;
				CLANG_ANALYZER_NUMBER_OBJECT_CONVERSION = YES_AGGRESSIVE;
				CLANG_CXX_LANGUAGE_STANDARD = "gnu++20";
				CLANG_ENABLE_MODULES = YES;
				CLANG_ENABLE_OBJC_ARC = YES;
				CLANG_ENABLE_OBJC_WEAK = YES;
				CLANG_WARN_BLOCK_CAPTURE_AUTORELEASING = YES;
				CLANG_WARN_BOOL_CONVERSION = YES;
				CLANG_WARN_COMMA = YES;
				CLANG_WARN_CONSTANT_CONVERSION = YES;
				CLANG_WARN_DEPRECATED_OBJC_IMPLEMENTATIONS = YES;
				CLANG_WARN_DIRECT_OBJC_ISA_USAGE = YES_ERROR;
				CLANG_WARN_DOCUMENTATION_COMMENTS = YES;
				CLANG_WARN_EMPTY_BODY = YES;
				CLANG_WARN_ENUM_CONVERSION = YES;
				CLANG_WARN_INFINITE_RECURSION = YES;
				CLANG_WARN_INT_CONVERSION = YES;
				CLANG_WARN_NON_LITERAL_NULL_CONVERSION = YES;
				CLANG_WARN_OBJC_IMPLICIT_RETAIN_SELF = YES;
				CLANG_WARN_OBJC_LITERAL_CONVERSION = YES;
				CLANG_WARN_OBJC_ROOT_CLASS = YES_ERROR;
				CLANG_WARN_QUOTED_INCLUDE_IN_FRAMEWORK_HEADER = YES;
				CLANG_WARN_RANGE_LOOP_ANALYSIS = YES;
				CLANG_WARN_STRICT_PROTOTYPES = YES;
				CLANG_WARN_SUSPICIOUS_MOVE = YES;
				CLANG_WARN_UNGUARDED_AVAILABILITY = YES_AGGRESSIVE;
				CLANG_WARN_UNREACHABLE_CODE = YES;
				CLANG_WARN__DUPLICATE_METHOD_MATCH = YES;
				COPY_PHASE_STRIP = NO;
				DEBUG_INFORMATION_FORMAT = "dwarf-with-dsym";
				ENABLE_NS_ASSERTIONS = NO;
				ENABLE_STRICT_OBJC_MSGSEND = YES;
				GCC_C_LANGUAGE_STANDARD = gnu11;
				GCC_NO_COMMON_BLOCKS = YES;
				GCC_WARN_64_TO_32_BIT_CONVERSION = YES;
				GCC_WARN_ABOUT_RETURN_TYPE = YES_ERROR;
				GCC_WARN_UNDECLARED_SELECTOR = YES;
				GCC_WARN_UNINITIALIZED_AUTOS = YES_AGGRESSIVE;
				GCC_WARN_UNUSED_FUNCTION = YES;
				GCC_WARN_UNUSED_VARIABLE = YES;
				IPHONEOS_DEPLOYMENT_TARGET = 16.4;
				MTL_ENABLE_DEBUG_INFO = NO;
				MTL_FAST_MATH = YES;
				SDKROOT = iphoneos;
				SWIFT_COMPILATION_MODE = wholemodule;
				SWIFT_OPTIMIZATION_LEVEL = "-O";
				VALIDATE_PRODUCT = YES;
			};
			name = Release;
		};
		98F35E6E2AB00F9D00CA76F6 /* Debug */ = {
			isa = XCBuildConfiguration;
			baseConfigurationReference = 1B7862A595D1A12A68C65E63 /* Pods-yakal.release.xcconfig */;
			buildSettings = {
				ASSETCATALOG_COMPILER_APPICON_NAME = AppIcon;
				ASSETCATALOG_COMPILER_GLOBAL_ACCENT_COLOR_NAME = AccentColor;
				ASSETCATALOG_COMPILER_INCLUDE_ALL_APPICON_ASSETS = NO;
				CODE_SIGN_STYLE = Automatic;
				CURRENT_PROJECT_VERSION = 1;
				DEVELOPMENT_ASSET_PATHS = "\"yakal/Preview Content\"";
				DEVELOPMENT_TEAM = 4HZC2Z3WWS;
				ENABLE_PREVIEWS = YES;
				GENERATE_INFOPLIST_FILE = YES;
				INFOPLIST_FILE = yakal/Info.plist;
				INFOPLIST_KEY_CFBundleDisplayName = "약 알";
				INFOPLIST_KEY_UIApplicationSceneManifest_Generation = YES;
				INFOPLIST_KEY_UIApplicationSupportsIndirectInputEvents = YES;
				INFOPLIST_KEY_UILaunchScreen_Generation = YES;
				INFOPLIST_KEY_UISupportedInterfaceOrientations_iPad = "UIInterfaceOrientationPortrait UIInterfaceOrientationPortraitUpsideDown UIInterfaceOrientationLandscapeLeft UIInterfaceOrientationLandscapeRight";
				INFOPLIST_KEY_UISupportedInterfaceOrientations_iPhone = "UIInterfaceOrientationPortrait UIInterfaceOrientationLandscapeLeft UIInterfaceOrientationLandscapeRight";
				LD_RUNPATH_SEARCH_PATHS = (
					"$(inherited)",
					"@executable_path/Frameworks",
				);
				MARKETING_VERSION = 1.0;
				PRODUCT_BUNDLE_IDENTIFIER = "-HZC2Z3WWS.viewpharm.yakal2";
				PRODUCT_NAME = "$(TARGET_NAME)";
				SWIFT_EMIT_LOC_STRINGS = YES;
				SWIFT_VERSION = 5.0;
				TARGETED_DEVICE_FAMILY = "1,2";
			};
			name = Debug;
		};
		98F35E6F2AB00F9D00CA76F6 /* Release */ = {
			isa = XCBuildConfiguration;
			baseConfigurationReference = 982A22B12AB030C400E512B1 /* Config.xcconfig */;
			buildSettings = {
				ASSETCATALOG_COMPILER_APPICON_NAME = AppIcon;
				ASSETCATALOG_COMPILER_GLOBAL_ACCENT_COLOR_NAME = AccentColor;
				ASSETCATALOG_COMPILER_INCLUDE_ALL_APPICON_ASSETS = NO;
				CODE_SIGN_STYLE = Automatic;
				CURRENT_PROJECT_VERSION = 1;
				DEVELOPMENT_ASSET_PATHS = "\"yakal/Preview Content\"";
				DEVELOPMENT_TEAM = 4HZC2Z3WWS;
				ENABLE_PREVIEWS = YES;
				GENERATE_INFOPLIST_FILE = YES;
				INFOPLIST_FILE = yakal/Info.plist;
				INFOPLIST_KEY_CFBundleDisplayName = "약 알";
				INFOPLIST_KEY_UIApplicationSceneManifest_Generation = YES;
				INFOPLIST_KEY_UIApplicationSupportsIndirectInputEvents = YES;
				INFOPLIST_KEY_UILaunchScreen_Generation = YES;
				INFOPLIST_KEY_UISupportedInterfaceOrientations_iPad = "UIInterfaceOrientationPortrait UIInterfaceOrientationPortraitUpsideDown UIInterfaceOrientationLandscapeLeft UIInterfaceOrientationLandscapeRight";
				INFOPLIST_KEY_UISupportedInterfaceOrientations_iPhone = "UIInterfaceOrientationPortrait UIInterfaceOrientationLandscapeLeft UIInterfaceOrientationLandscapeRight";
				LD_RUNPATH_SEARCH_PATHS = (
					"$(inherited)",
					"@executable_path/Frameworks",
				);
				MARKETING_VERSION = 1.0;
				PRODUCT_BUNDLE_IDENTIFIER = "-HZC2Z3WWS.viewpharm.yakal2";
				PRODUCT_NAME = "$(TARGET_NAME)";
				SWIFT_EMIT_LOC_STRINGS = YES;
				SWIFT_VERSION = 5.0;
				TARGETED_DEVICE_FAMILY = "1,2";
			};
			name = Release;
		};
/* End XCBuildConfiguration section */

/* Begin XCConfigurationList section */
		98F35E5A2AB00F9C00CA76F6 /* Build configuration list for PBXProject "yakal" */ = {
			isa = XCConfigurationList;
			buildConfigurations = (
				98F35E6B2AB00F9D00CA76F6 /* Debug */,
				98F35E6C2AB00F9D00CA76F6 /* Release */,
			);
			defaultConfigurationIsVisible = 0;
			defaultConfigurationName = Release;
		};
		98F35E6D2AB00F9D00CA76F6 /* Build configuration list for PBXNativeTarget "yakal" */ = {
			isa = XCConfigurationList;
			buildConfigurations = (
				98F35E6E2AB00F9D00CA76F6 /* Debug */,
				98F35E6F2AB00F9D00CA76F6 /* Release */,
			);
			defaultConfigurationIsVisible = 0;
			defaultConfigurationName = Release;
		};
/* End XCConfigurationList section */
	};
	rootObject = 98F35E572AB00F9C00CA76F6 /* Project object */;
}
